# generated by rye
# use `rye lock` or `rye sync` to update this lockfile
#
# last locked with the following flags:
#   pre: false
#   features: []
#   all-features: false
#   with-sources: false

-e file:.
accelerate==0.30.0
    # via hqq
    # via peft
    # via trl
aiohttp==3.9.5
    # via datasets
    # via fsspec
aiosignal==1.3.1
    # via aiohttp
annotated-types==0.6.0
    # via pydantic
attrs==23.2.0
    # via aiohttp
beautifulsoup4==4.12.3
    # via lyricsgenius
bitsandbytes==0.43.1
    # via ghostwriter
certifi==2024.2.2
    # via requests
charset-normalizer==3.3.2
    # via requests
click==8.1.7
    # via typer
datasets==2.19.1
    # via ghostwriter
    # via trl
dill==0.3.8
    # via datasets
    # via multiprocess
docstring-parser==0.16
    # via tyro
einops==0.8.0
    # via hqq
filelock==3.14.0
    # via datasets
    # via huggingface-hub
    # via torch
    # via transformers
frozenlist==1.4.1
    # via aiohttp
    # via aiosignal
fsspec==2024.3.1
    # via datasets
    # via huggingface-hub
    # via torch
hqq==0.1.7.post2
    # via ghostwriter
huggingface-hub==0.23.0
    # via accelerate
    # via datasets
    # via hqq
    # via peft
    # via tokenizers
    # via transformers
idna==3.7
    # via requests
    # via yarl
jinja2==3.1.4
    # via torch
lyricsgenius==3.0.1
    # via ghostwriter
markdown-it-py==3.0.0
    # via rich
markupsafe==2.1.5
    # via jinja2
mdurl==0.1.2
    # via markdown-it-py
mpmath==1.3.0
    # via sympy
multidict==6.0.5
    # via aiohttp
    # via yarl
multiprocess==0.70.16
    # via datasets
networkx==3.3
    # via torch
numpy==1.26.4
    # via accelerate
    # via bitsandbytes
    # via datasets
    # via hqq
    # via pandas
    # via peft
    # via pyarrow
    # via transformers
    # via trl
nvidia-cublas-cu12==12.1.3.1
    # via nvidia-cudnn-cu12
    # via nvidia-cusolver-cu12
    # via torch
nvidia-cuda-cupti-cu12==12.1.105
    # via torch
nvidia-cuda-nvrtc-cu12==12.1.105
    # via torch
nvidia-cuda-runtime-cu12==12.1.105
    # via torch
nvidia-cudnn-cu12==8.9.2.26
    # via torch
nvidia-cufft-cu12==11.0.2.54
    # via torch
nvidia-curand-cu12==10.3.2.106
    # via torch
nvidia-cusolver-cu12==11.4.5.107
    # via torch
nvidia-cusparse-cu12==12.1.0.106
    # via nvidia-cusolver-cu12
    # via torch
nvidia-nccl-cu12==2.20.5
    # via torch
nvidia-nvjitlink-cu12==12.4.127
    # via nvidia-cusolver-cu12
    # via nvidia-cusparse-cu12
nvidia-nvtx-cu12==12.1.105
    # via torch
packaging==24.0
    # via accelerate
    # via datasets
    # via huggingface-hub
    # via peft
    # via transformers
pandas==2.2.2
    # via datasets
peft==0.10.0
    # via ghostwriter
psutil==5.9.8
    # via accelerate
    # via peft
pyarrow==16.0.0
    # via datasets
pyarrow-hotfix==0.6
    # via datasets
pydantic==2.7.1
    # via ghostwriter
pydantic-core==2.18.2
    # via pydantic
pygments==2.18.0
    # via rich
python-dateutil==2.9.0.post0
    # via pandas
pytz==2024.1
    # via pandas
pyyaml==6.0.1
    # via accelerate
    # via datasets
    # via huggingface-hub
    # via peft
    # via transformers
regex==2024.4.28
    # via transformers
requests==2.31.0
    # via datasets
    # via huggingface-hub
    # via lyricsgenius
    # via transformers
rich==13.7.1
    # via typer
    # via tyro
safetensors==0.4.3
    # via accelerate
    # via peft
    # via transformers
shellingham==1.5.4
    # via typer
shtab==1.7.1
    # via tyro
six==1.16.0
    # via python-dateutil
soupsieve==2.5
    # via beautifulsoup4
sympy==1.12
    # via torch
termcolor==2.4.0
    # via hqq
tokenizers==0.19.1
    # via transformers
torch==2.3.0
    # via accelerate
    # via bitsandbytes
    # via peft
    # via trl
tqdm==4.66.4
    # via datasets
    # via hqq
    # via huggingface-hub
    # via peft
    # via transformers
transformers @ git+https://github.com/huggingface/transformers@5b7a225f2502840f4066b1b39ef53411ea4d6e90
    # via ghostwriter
    # via hqq
    # via peft
    # via trl
trl==0.8.6
    # via ghostwriter
typer==0.12.3
    # via ghostwriter
typing-extensions==4.11.0
    # via huggingface-hub
    # via pydantic
    # via pydantic-core
    # via torch
    # via typer
    # via tyro
tyro==0.8.3
    # via trl
tzdata==2024.1
    # via pandas
urllib3==2.2.1
    # via requests
xxhash==3.4.1
    # via datasets
yarl==1.9.4
    # via aiohttp
